
Microsoft Visual Studio Solution File, Format Version 12.00
# Visual Studio Version 17
VisualStudioVersion = 17.14.36414.22 d17.14
MinimumVisualStudioVersion = 10.0.40219.1
Project("{FAE04EC0-301F-11D3-BF4B-00C04F79EFBC}") = "ZonecoR", "ZonecoR\ZonecoR.csproj", "{93F26B78-79BD-491D-1502-5DBEBD657878}"
EndProject
Project("{2150E333-8FDC-42A3-9474-1A3956D46DE8}") = "Assets", "Assets", "{F5FB4856-1938-4459-94B8-D40BF5D115B7}"
EndProject
Project("{FAE04EC0-301F-11D3-BF4B-00C04F79EFBC}") = "Domain", "Domain\Domain.csproj", "{F47DE97C-BE31-401D-91E6-24E30ABDD9CF}"
EndProject
Project("{FAE04EC0-301F-11D3-BF4B-00C04F79EFBC}") = "BusinessLogic", "BusinessLogic\BusinessLogic.csproj", "{504F68EA-A630-412F-BE54-323C2B6BDE51}"
EndProject
Project("{FAE04EC0-301F-11D3-BF4B-00C04F79EFBC}") = "DataAccess", "DataAccess\DataAccess.csproj", "{5F70BE95-DAED-4A29-9126-BD59202059F4}"
EndProject
Project("{FAE04EC0-301F-11D3-BF4B-00C04F79EFBC}") = "BusinessLogic.Tests", "BusinessLogic.Tests\BusinessLogic.Tests.csproj", "{93D36468-3C5F-479C-A3ED-5D19A2995CBF}"
EndProject
Global
	GlobalSection(SolutionConfigurationPlatforms) = preSolution
		Debug|Any CPU = Debug|Any CPU
		Release|Any CPU = Release|Any CPU
	EndGlobalSection
	GlobalSection(ProjectConfigurationPlatforms) = postSolution
		{93F26B78-79BD-491D-1502-5DBEBD657878}.Debug|Any CPU.ActiveCfg = Debug|Any CPU
		{93F26B78-79BD-491D-1502-5DBEBD657878}.Debug|Any CPU.Build.0 = Debug|Any CPU
		{93F26B78-79BD-491D-1502-5DBEBD657878}.Release|Any CPU.ActiveCfg = Release|Any CPU
		{93F26B78-79BD-491D-1502-5DBEBD657878}.Release|Any CPU.Build.0 = Release|Any CPU
		{F47DE97C-BE31-401D-91E6-24E30ABDD9CF}.Debug|Any CPU.ActiveCfg = Debug|Any CPU
		{F47DE97C-BE31-401D-91E6-24E30ABDD9CF}.Debug|Any CPU.Build.0 = Debug|Any CPU
		{F47DE97C-BE31-401D-91E6-24E30ABDD9CF}.Release|Any CPU.ActiveCfg = Release|Any CPU
		{F47DE97C-BE31-401D-91E6-24E30ABDD9CF}.Release|Any CPU.Build.0 = Release|Any CPU
		{504F68EA-A630-412F-BE54-323C2B6BDE51}.Debug|Any CPU.ActiveCfg = Debug|Any CPU
		{504F68EA-A630-412F-BE54-323C2B6BDE51}.Debug|Any CPU.Build.0 = Debug|Any CPU
		{504F68EA-A630-412F-BE54-323C2B6BDE51}.Release|Any CPU.ActiveCfg = Release|Any CPU
		{504F68EA-A630-412F-BE54-323C2B6BDE51}.Release|Any CPU.Build.0 = Release|Any CPU
		{5F70BE95-DAED-4A29-9126-BD59202059F4}.Debug|Any CPU.ActiveCfg = Debug|Any CPU
		{5F70BE95-DAED-4A29-9126-BD59202059F4}.Debug|Any CPU.Build.0 = Debug|Any CPU
		{5F70BE95-DAED-4A29-9126-BD59202059F4}.Release|Any CPU.ActiveCfg = Release|Any CPU
		{5F70BE95-DAED-4A29-9126-BD59202059F4}.Release|Any CPU.Build.0 = Release|Any CPU
		{93D36468-3C5F-479C-A3ED-5D19A2995CBF}.Debug|Any CPU.ActiveCfg = Debug|Any CPU
		{93D36468-3C5F-479C-A3ED-5D19A2995CBF}.Debug|Any CPU.Build.0 = Debug|Any CPU
		{93D36468-3C5F-479C-A3ED-5D19A2995CBF}.Release|Any CPU.ActiveCfg = Release|Any CPU
		{93D36468-3C5F-479C-A3ED-5D19A2995CBF}.Release|Any CPU.Build.0 = Release|Any CPU
	EndGlobalSection
	GlobalSection(SolutionProperties) = preSolution
		HideSolutionNode = FALSE
	EndGlobalSection
	GlobalSection(ExtensibilityGlobals) = postSolution
		SolutionGuid = {0C60A2AB-89A2-4A18-BE3E-25F736097B5A}
	EndGlobalSection
EndGlobal
